
Microsoft Visual Studio Solution File, Format Version 12.00
# Visual Studio 15
VisualStudioVersion = 15.0.28010.2026
MinimumVisualStudioVersion = 10.0.40219.1
Project("{FAE04EC0-301F-11D3-BF4B-00C04F79EFBC}") = "Mini Phone Book", "Mini Phone Book\Mini Phone Book.csproj", "{70566CE7-DA21-45C3-B13F-4EF23FEAF235}"
EndProject
Global
	GlobalSection(SolutionConfigurationPlatforms) = preSolution
		Debug|Any CPU = Debug|Any CPU
		Release|Any CPU = Release|Any CPU
	EndGlobalSection
	GlobalSection(ProjectConfigurationPlatforms) = postSolution
		{70566CE7-DA21-45C3-B13F-4EF23FEAF235}.Debug|Any CPU.ActiveCfg = Debug|Any CPU
		{70566CE7-DA21-45C3-B13F-4EF23FEAF235}.Debug|Any CPU.Build.0 = Debug|Any CPU
		{70566CE7-DA21-45C3-B13F-4EF23FEAF235}.Release|Any CPU.ActiveCfg = Release|Any CPU
		{70566CE7-DA21-45C3-B13F-4EF23FEAF235}.Release|Any CPU.Build.0 = Release|Any CPU
	EndGlobalSection
	GlobalSection(SolutionProperties) = preSolution
		HideSolutionNode = FALSE
	EndGlobalSection
	GlobalSection(ExtensibilityGlobals) = postSolution
		SolutionGuid = {8EBFC3FB-D154-49EA-A67C-9DEB8715B8A9}
	EndGlobalSection
EndGlobal
